PODS:
  - AKPickerView-Swift (1.0.1)
  - Alamofire (2.0.2)
  - APAvatarImageView (1.1.0)
  - Bolts (1.8.4):
    - Bolts/AppLinks (= 1.8.4)
    - Bolts/Tasks (= 1.8.4)
  - Bolts/AppLinks (1.8.4):
    - Bolts/Tasks
  - Bolts/Tasks (1.8.4)
  - Crashlytics (3.7.2):
    - Fabric (~> 1.6.3)
  - DOFavoriteButton (0.0.4)
  - Fabric (1.6.7)
  - FBSDKCoreKit (4.14.0):
    - Bolts (~> 1.7)
  - FBSDKLoginKit (4.14.0):
    - FBSDKCoreKit
  - JDFTooltips (1.1)
  - Koloda (2.0.4):
    - pop (~> 1.0)
  - Parse (1.14.1):
    - Bolts/Tasks (~> 1.8)
  - ParseFacebookUtilsV4 (1.11.1):
    - Bolts/Tasks (>= 1.6)
    - FBSDKCoreKit (~> 4.10)
    - FBSDKLoginKit (~> 4.10)
    - FBSDKTVOSKit (~> 4.10)
    - Parse (~> 1.12)
  - pop (1.0.9)
  - SDWebImage (3.8.1):
    - SDWebImage/Core (= 3.8.1)
  - SDWebImage/Core (3.8.1)
  - VBFPopFlatButton (0.0.7):
    - pop

DEPENDENCIES:
  - AKPickerView-Swift
  - Alamofire (~> 2.0)
  - APAvatarImageView
  - Crashlytics (~> 3.5)
  - DOFavoriteButton
  - Fabric (~> 1.6)
  - JDFTooltips
  - Koloda (= 2.0.4)
  - Parse
  - ParseFacebookUtilsV4 (~> 1.8)
  - SDWebImage
  - VBFPopFlatButton

SPEC CHECKSUMS:
  AKPickerView-Swift: 8509d472bb257649383c276506334a7373d3cb33
  Alamofire: 8edbab00802a752bb5240cc2abe70e7e881488ad
  APAvatarImageView: 428dbd0631a150fe876f90bfd7eaa275a19b9209
  Bolts: 8a7995239dbe724f9cba2248b766d48b7ebdd322
  Crashlytics: 130ab943f8c78cda7a814b434f270b2e2c8a3cba
  DOFavoriteButton: 866e15af173d2dd5233971a1f657a5f31d2491d5
  Fabric: caf7580c725e64db144f610ac65cd60956911dc7
  FBSDKCoreKit: 6e020b5db0b5bd1e01f5fb0902131befd129a502
  FBSDKLoginKit: da563567a108050ef83739c8c8c001ee9e25fa13
  JDFTooltips: 72a825bdd8a323fb035d5a57c13e1298f5a8e256
  Koloda: f9ec40b89803c5cc60e8e573fea78bc313fb4455
  Parse: 4f72b1c01b3fc9038bea045681b6cc1b070c081e
  ParseFacebookUtilsV4: 2f30c2b7021c8005d3042781da7ef87d06589421
  pop: f667631a5108a2e60d9e8797c9b32ddaf2080bce
  SDWebImage: 35f9627a3e44b4f292a8a8ce6a531fa488239b91
  VBFPopFlatButton: 39e48ab56277f3d056734a9b5ec5d0cc60d69778

PODFILE CHECKSUM: f69aa75f6dd4b36ddea4ca86706a327a7c8617e9

COCOAPODS: 1.0.0
