PODS:
  - AKPickerView-Swift (1.0.1)
  - Alamofire (2.0.2)
  - APAvatarImageView (1.1.0)
  - Bolts (1.5.1):
    - Bolts/AppLinks (= 1.5.1)
    - Bolts/Tasks (= 1.5.1)
  - Bolts/AppLinks (1.5.1):
    - Bolts/Tasks
  - Bolts/Tasks (1.5.1)
  - Crashlytics (3.5.0):
    - Fabric (~> 1.6.0)
  - DOFavoriteButton (0.0.4)
  - Fabric (1.6.2)
  - FBSDKCoreKit (4.8.0):
    - Bolts (~> 1.1)
    - FBSDKCoreKit/arc (= 4.8.0)
    - FBSDKCoreKit/no-arc (= 4.8.0)
  - FBSDKCoreKit/arc (4.8.0):
    - Bolts (~> 1.1)
  - FBSDKCoreKit/no-arc (4.8.0):
    - Bolts (~> 1.1)
    - FBSDKCoreKit/arc
  - FBSDKLoginKit (4.8.0):
    - FBSDKCoreKit
  - JDFTooltips (1.1)
  - Koloda (2.0.4):
    - pop (~> 1.0)
  - Parse (1.11.0):
    - Bolts/Tasks (~> 1.5)
  - ParseFacebookUtilsV4 (1.9.1):
    - Bolts/Tasks (>= 1.5)
    - FBSDKCoreKit (~> 4.8)
    - FBSDKLoginKit (~> 4.8)
    - Parse (~> 1.9)
  - pop (1.0.8)
  - SDWebImage (3.7.3):
    - SDWebImage/Core (= 3.7.3)
  - SDWebImage/Core (3.7.3)
  - VBFPopFlatButton (0.0.6):
    - pop

DEPENDENCIES:
  - AKPickerView-Swift
  - Alamofire (~> 2.0)
  - APAvatarImageView
  - Crashlytics (~> 3.5)
  - DOFavoriteButton
  - Fabric (~> 1.6)
  - FBSDKCoreKit (~> 4.6)
  - JDFTooltips
  - Koloda (= 2.0.4)
  - Parse
  - ParseFacebookUtilsV4 (~> 1.8)
  - SDWebImage
  - VBFPopFlatButton

SPEC CHECKSUMS:
  AKPickerView-Swift: 8509d472bb257649383c276506334a7373d3cb33
  Alamofire: 8edbab00802a752bb5240cc2abe70e7e881488ad
  APAvatarImageView: 428dbd0631a150fe876f90bfd7eaa275a19b9209
  Bolts: a12663244b1d3351c738882e71902fc74db54f64
  Crashlytics: fabfd45d0e8b8dc936c682b97e302b9a49a1c827
  DOFavoriteButton: 866e15af173d2dd5233971a1f657a5f31d2491d5
  Fabric: e8296d4a1abb3c5eed770cc86b311c862f51d340
  FBSDKCoreKit: 66a935d17b6e00b6b64e604f2eb9b72c9ab7deb8
  FBSDKLoginKit: d893fcbb98d854496925e9ff73c67b896982d3c4
  JDFTooltips: 72a825bdd8a323fb035d5a57c13e1298f5a8e256
  Koloda: f9ec40b89803c5cc60e8e573fea78bc313fb4455
  Parse: 886af46a0a677402f6374bb97ac212e795f70afe
  ParseFacebookUtilsV4: eab9b4ade12f0800b4d30f6b808bca55ce17a0e9
  pop: bb773ae2c791ca2629de13b347e7a8b450fa6a57
  SDWebImage: 1d2b1a1efda1ade1b00b6f8498865f8ddedc8a84
  VBFPopFlatButton: 782344da63f104c279a857d806e065117a7e1196

COCOAPODS: 0.39.0
